
Microsoft Visual Studio Solution File, Format Version 12.00
# Visual Studio 15
VisualStudioVersion = 15.0.28307.1738
MinimumVisualStudioVersion = 10.0.40219.1
Project("{FAE04EC0-301F-11D3-BF4B-00C04F79EFBC}") = "RabbitMQ_Producer", "RabbitMQ_Producer\RabbitMQ_Producer.csproj", "{5D4E2777-7489-44B8-8E41-143B8947F1D6}"
EndProject
Project("{FAE04EC0-301F-11D3-BF4B-00C04F79EFBC}") = "RabbitMQ_Consumer", "RabbitMQ_Consumer\RabbitMQ_Consumer.csproj", "{6EB4030D-5AF0-48A3-AA89-C47A041EDC40}"
EndProject
Project("{FAE04EC0-301F-11D3-BF4B-00C04F79EFBC}") = "Utils", "Utils\Utils.csproj", "{954EA1CC-2780-4DCD-8995-A63D0C854721}"
EndProject
Project("{FAE04EC0-301F-11D3-BF4B-00C04F79EFBC}") = "Models", "Models\Models.csproj", "{A9137C83-4BCD-4506-B1D9-415689F78EC1}"
EndProject
Project("{2150E333-8FDC-42A3-9474-1A3956D46DE8}") = "Core", "Core", "{6786D982-432F-4DAA-AB51-0923D579AA9E}"
EndProject
Global
	GlobalSection(SolutionConfigurationPlatforms) = preSolution
		Debug|Any CPU = Debug|Any CPU
		Release|Any CPU = Release|Any CPU
	EndGlobalSection
	GlobalSection(ProjectConfigurationPlatforms) = postSolution
		{5D4E2777-7489-44B8-8E41-143B8947F1D6}.Debug|Any CPU.ActiveCfg = Debug|Any CPU
		{5D4E2777-7489-44B8-8E41-143B8947F1D6}.Debug|Any CPU.Build.0 = Debug|Any CPU
		{5D4E2777-7489-44B8-8E41-143B8947F1D6}.Release|Any CPU.ActiveCfg = Release|Any CPU
		{5D4E2777-7489-44B8-8E41-143B8947F1D6}.Release|Any CPU.Build.0 = Release|Any CPU
		{6EB4030D-5AF0-48A3-AA89-C47A041EDC40}.Debug|Any CPU.ActiveCfg = Debug|Any CPU
		{6EB4030D-5AF0-48A3-AA89-C47A041EDC40}.Debug|Any CPU.Build.0 = Debug|Any CPU
		{6EB4030D-5AF0-48A3-AA89-C47A041EDC40}.Release|Any CPU.ActiveCfg = Release|Any CPU
		{6EB4030D-5AF0-48A3-AA89-C47A041EDC40}.Release|Any CPU.Build.0 = Release|Any CPU
		{954EA1CC-2780-4DCD-8995-A63D0C854721}.Debug|Any CPU.ActiveCfg = Debug|Any CPU
		{954EA1CC-2780-4DCD-8995-A63D0C854721}.Debug|Any CPU.Build.0 = Debug|Any CPU
		{954EA1CC-2780-4DCD-8995-A63D0C854721}.Release|Any CPU.ActiveCfg = Release|Any CPU
		{954EA1CC-2780-4DCD-8995-A63D0C854721}.Release|Any CPU.Build.0 = Release|Any CPU
		{A9137C83-4BCD-4506-B1D9-415689F78EC1}.Debug|Any CPU.ActiveCfg = Debug|Any CPU
		{A9137C83-4BCD-4506-B1D9-415689F78EC1}.Debug|Any CPU.Build.0 = Debug|Any CPU
		{A9137C83-4BCD-4506-B1D9-415689F78EC1}.Release|Any CPU.ActiveCfg = Release|Any CPU
		{A9137C83-4BCD-4506-B1D9-415689F78EC1}.Release|Any CPU.Build.0 = Release|Any CPU
	EndGlobalSection
	GlobalSection(SolutionProperties) = preSolution
		HideSolutionNode = FALSE
	EndGlobalSection
	GlobalSection(NestedProjects) = preSolution
		{954EA1CC-2780-4DCD-8995-A63D0C854721} = {6786D982-432F-4DAA-AB51-0923D579AA9E}
		{A9137C83-4BCD-4506-B1D9-415689F78EC1} = {6786D982-432F-4DAA-AB51-0923D579AA9E}
	EndGlobalSection
	GlobalSection(ExtensibilityGlobals) = postSolution
		SolutionGuid = {A370B390-056E-49CE-A192-88015361F17E}
	EndGlobalSection
EndGlobal
